// !$*UTF8*$!
{
	archiveVersion = 1;
	classes = {
	};
	objectVersion = 46;
	objects = {

/* Begin PBXBuildFile section */
		18654D561CC6420F0094519D /* main.m in Sources */ = {isa = PBXBuildFile; fileRef = 18654D551CC6420F0094519D /* main.m */; };
		18654D591CC6420F0094519D /* AppDelegate.m in Sources */ = {isa = PBXBuildFile; fileRef = 18654D581CC6420F0094519D /* AppDelegate.m */; };
		18654D5C1CC6420F0094519D /* ViewController.m in Sources */ = {isa = PBXBuildFile; fileRef = 18654D5B1CC6420F0094519D /* ViewController.m */; };
		18654D5F1CC6420F0094519D /* Main.storyboard in Resources */ = {isa = PBXBuildFile; fileRef = 18654D5D1CC6420F0094519D /* Main.storyboard */; };
		18654D611CC6420F0094519D /* Assets.xcassets in Resources */ = {isa = PBXBuildFile; fileRef = 18654D601CC6420F0094519D /* Assets.xcassets */; };
		18654D641CC6420F0094519D /* LaunchScreen.storyboard in Resources */ = {isa = PBXBuildFile; fileRef = 18654D621CC6420F0094519D /* LaunchScreen.storyboard */; };
		18654D6F1CC6420F0094519D /* CarousePictureTests.m in Sources */ = {isa = PBXBuildFile; fileRef = 18654D6E1CC6420F0094519D /* CarousePictureTests.m */; };
		18654D7A1CC6420F0094519D /* CarousePictureUITests.m in Sources */ = {isa = PBXBuildFile; fileRef = 18654D791CC6420F0094519D /* CarousePictureUITests.m */; };
		18654D8B1CC6424D0094519D /* HomePageHeaderCollectionViewCell1.m in Sources */ = {isa = PBXBuildFile; fileRef = 18654D891CC6424D0094519D /* HomePageHeaderCollectionViewCell1.m */; };
		18654D8C1CC6424D0094519D /* HomePageHeaderCollectionViewCell1.xib in Resources */ = {isa = PBXBuildFile; fileRef = 18654D8A1CC6424D0094519D /* HomePageHeaderCollectionViewCell1.xib */; };
		18654D901CC6425C0094519D /* HomePageHeaderViewController.m in Sources */ = {isa = PBXBuildFile; fileRef = 18654D8E1CC6425C0094519D /* HomePageHeaderViewController.m */; };
		18654D911CC6425C0094519D /* HomePageHeaderViewController.xib in Resources */ = {isa = PBXBuildFile; fileRef = 18654D8F1CC6425C0094519D /* HomePageHeaderViewController.xib */; };
		18654DBB1CC644FB0094519D /* 0.jpg in Resources */ = {isa = PBXBuildFile; fileRef = 18654D931CC644FB0094519D /* 0.jpg */; };
		18654DBC1CC644FB0094519D /* 001.png in Resources */ = {isa = PBXBuildFile; fileRef = 18654D941CC644FB0094519D /* 001.png */; };
		18654DBD1CC644FB0094519D /* 002.png in Resources */ = {isa = PBXBuildFile; fileRef = 18654D951CC644FB0094519D /* 002.png */; };
		18654DBE1CC644FB0094519D /* 003.png in Resources */ = {isa = PBXBuildFile; fileRef = 18654D961CC644FB0094519D /* 003.png */; };
		18654DBF1CC644FB0094519D /* 004.png in Resources */ = {isa = PBXBuildFile; fileRef = 18654D971CC644FB0094519D /* 004.png */; };
		18654DC01CC644FB0094519D /* 005.png in Resources */ = {isa = PBXBuildFile; fileRef = 18654D981CC644FB0094519D /* 005.png */; };
		18654DC11CC644FB0094519D /* 006.png in Resources */ = {isa = PBXBuildFile; fileRef = 18654D991CC644FB0094519D /* 006.png */; };
		18654DC21CC644FB0094519D /* 007.png in Resources */ = {isa = PBXBuildFile; fileRef = 18654D9A1CC644FB0094519D /* 007.png */; };
		18654DC31CC644FB0094519D /* 008.png in Resources */ = {isa = PBXBuildFile; fileRef = 18654D9B1CC644FB0094519D /* 008.png */; };
		18654DC41CC644FB0094519D /* 009.png in Resources */ = {isa = PBXBuildFile; fileRef = 18654D9C1CC644FB0094519D /* 009.png */; };
		18654DC51CC644FB0094519D /* 010.png in Resources */ = {isa = PBXBuildFile; fileRef = 18654D9D1CC644FB0094519D /* 010.png */; };
		18654DC61CC644FB0094519D /* 1.jpg in Resources */ = {isa = PBXBuildFile; fileRef = 18654D9E1CC644FB0094519D /* 1.jpg */; };
		18654DC71CC644FB0094519D /* 10.jpg in Resources */ = {isa = PBXBuildFile; fileRef = 18654D9F1CC644FB0094519D /* 10.jpg */; };
		18654DC81CC644FB0094519D /* 11.jpg in Resources */ = {isa = PBXBuildFile; fileRef = 18654DA01CC644FB0094519D /* 11.jpg */; };
		18654DC91CC644FB0094519D /* 12.jpg in Resources */ = {isa = PBXBuildFile; fileRef = 18654DA11CC644FB0094519D /* 12.jpg */; };
		18654DCA1CC644FB0094519D /* 13.jpg in Resources */ = {isa = PBXBuildFile; fileRef = 18654DA21CC644FB0094519D /* 13.jpg */; };
		18654DCB1CC644FB0094519D /* 14.jpg in Resources */ = {isa = PBXBuildFile; fileRef = 18654DA31CC644FB0094519D /* 14.jpg */; };
		18654DCC1CC644FB0094519D /* 15.jpg in Resources */ = {isa = PBXBuildFile; fileRef = 18654DA41CC644FB0094519D /* 15.jpg */; };
		18654DCD1CC644FB0094519D /* 16.jpg in Resources */ = {isa = PBXBuildFile; fileRef = 18654DA51CC644FB0094519D /* 16.jpg */; };
		18654DCE1CC644FB0094519D /* 17.jpg in Resources */ = {isa = PBXBuildFile; fileRef = 18654DA61CC644FB0094519D /* 17.jpg */; };
		18654DCF1CC644FB0094519D /* 18.jpg in Resources */ = {isa = PBXBuildFile; fileRef = 18654DA71CC644FB0094519D /* 18.jpg */; };
		18654DD01CC644FB0094519D /* 19.jpg in Resources */ = {isa = PBXBuildFile; fileRef = 18654DA81CC644FB0094519D /* 19.jpg */; };
		18654DD11CC644FB0094519D /* 2.jpg in Resources */ = {isa = PBXBuildFile; fileRef = 18654DA91CC644FB0094519D /* 2.jpg */; };
		18654DD21CC644FB0094519D /* 20.jpg in Resources */ = {isa = PBXBuildFile; fileRef = 18654DAA1CC644FB0094519D /* 20.jpg */; };
		18654DD31CC644FB0094519D /* 21.jpg in Resources */ = {isa = PBXBuildFile; fileRef = 18654DAB1CC644FB0094519D /* 21.jpg */; };
		18654DD41CC644FB0094519D /* 22.jpg in Resources */ = {isa = PBXBuildFile; fileRef = 18654DAC1CC644FB0094519D /* 22.jpg */; };
		18654DD51CC644FB0094519D /* 23.jpg in Resources */ = {isa = PBXBuildFile; fileRef = 18654DAD1CC644FB0094519D /* 23.jpg */; };
		18654DD61CC644FB0094519D /* 24.jpg in Resources */ = {isa = PBXBuildFile; fileRef = 18654DAE1CC644FB0094519D /* 24.jpg */; };
		18654DD71CC644FB0094519D /* 25.jpg in Resources */ = {isa = PBXBuildFile; fileRef = 18654DAF1CC644FB0094519D /* 25.jpg */; };
		18654DD81CC644FC0094519D /* 26.jpg in Resources */ = {isa = PBXBuildFile; fileRef = 18654DB01CC644FB0094519D /* 26.jpg */; };
		18654DD91CC644FC0094519D /* 27.jpg in Resources */ = {isa = PBXBuildFile; fileRef = 18654DB11CC644FB0094519D /* 27.jpg */; };
		18654DDA1CC644FC0094519D /* 28.jpg in Resources */ = {isa = PBXBuildFile; fileRef = 18654DB21CC644FB0094519D /* 28.jpg */; };
		18654DDB1CC644FC0094519D /* 29.jpg in Resources */ = {isa = PBXBuildFile; fileRef = 18654DB31CC644FB0094519D /* 29.jpg */; };
		18654DDC1CC644FC0094519D /* 3.jpg in Resources */ = {isa = PBXBuildFile; fileRef = 18654DB41CC644FB0094519D /* 3.jpg */; };
		18654DDD1CC644FC0094519D /* 4.jpg in Resources */ = {isa = PBXBuildFile; fileRef = 18654DB51CC644FB0094519D /* 4.jpg */; };
		18654DDE1CC644FC0094519D /* 5.jpg in Resources */ = {isa = PBXBuildFile; fileRef = 18654DB61CC644FB0094519D /* 5.jpg */; };
		18654DDF1CC644FC0094519D /* 6.jpg in Resources */ = {isa = PBXBuildFile; fileRef = 18654DB71CC644FB0094519D /* 6.jpg */; };
		18654DE01CC644FC0094519D /* 7.jpg in Resources */ = {isa = PBXBuildFile; fileRef = 18654DB81CC644FB0094519D /* 7.jpg */; };
		18654DE11CC644FC0094519D /* 8.jpg in Resources */ = {isa = PBXBuildFile; fileRef = 18654DB91CC644FB0094519D /* 8.jpg */; };
		18654DE21CC644FC0094519D /* 9.jpg in Resources */ = {isa = PBXBuildFile; fileRef = 18654DBA1CC644FB0094519D /* 9.jpg */; };
/* End PBXBuildFile section */

/* Begin PBXContainerItemProxy section */
		18654D6B1CC6420F0094519D /* PBXContainerItemProxy */ = {
			isa = PBXContainerItemProxy;
			containerPortal = 18654D491CC6420F0094519D /* Project object */;
			proxyType = 1;
			remoteGlobalIDString = 18654D501CC6420F0094519D;
			remoteInfo = CarousePicture;
		};
		18654D761CC6420F0094519D /* PBXContainerItemProxy */ = {
			isa = PBXContainerItemProxy;
			containerPortal = 18654D491CC6420F0094519D /* Project object */;
			proxyType = 1;
			remoteGlobalIDString = 18654D501CC6420F0094519D;
			remoteInfo = CarousePicture;
		};
/* End PBXContainerItemProxy section */

/* Begin PBXFileReference section */
		18654D511CC6420F0094519D /* CarousePicture.app */ = {isa = PBXFileReference; explicitFileType = wrapper.application; includeInIndex = 0; path = CarousePicture.app; sourceTree = BUILT_PRODUCTS_DIR; };
		18654D551CC6420F0094519D /* main.m */ = {isa = PBXFileReference; lastKnownFileType = sourcecode.c.objc; path = main.m; sourceTree = "<group>"; };
		18654D571CC6420F0094519D /* AppDelegate.h */ = {isa = PBXFileReference; lastKnownFileType = sourcecode.c.h; path = AppDelegate.h; sourceTree = "<group>"; };
		18654D581CC6420F0094519D /* AppDelegate.m */ = {isa = PBXFileReference; lastKnownFileType = sourcecode.c.objc; path = AppDelegate.m; sourceTree = "<group>"; };
		18654D5A1CC6420F0094519D /* ViewController.h */ = {isa = PBXFileReference; lastKnownFileType = sourcecode.c.h; path = ViewController.h; sourceTree = "<group>"; };
		18654D5B1CC6420F0094519D /* ViewController.m */ = {isa = PBXFileReference; lastKnownFileType = sourcecode.c.objc; path = ViewController.m; sourceTree = "<group>"; };
		18654D5E1CC6420F0094519D /* Base */ = {isa = PBXFileReference; lastKnownFileType = file.storyboard; name = Base; path = Base.lproj/Main.storyboard; sourceTree = "<group>"; };
		18654D601CC6420F0094519D /* Assets.xcassets */ = {isa = PBXFileReference; lastKnownFileType = folder.assetcatalog; path = Assets.xcassets; sourceTree = "<group>"; };
		18654D631CC6420F0094519D /* Base */ = {isa = PBXFileReference; lastKnownFileType = file.storyboard; name = Base; path = Base.lproj/LaunchScreen.storyboard; sourceTree = "<group>"; };
		18654D651CC6420F0094519D /* Info.plist */ = {isa = PBXFileReference; lastKnownFileType = text.plist.xml; path = Info.plist; sourceTree = "<group>"; };
		18654D6A1CC6420F0094519D /* CarousePictureTests.xctest */ = {isa = PBXFileReference; explicitFileType = wrapper.cfbundle; includeInIndex = 0; path = CarousePictureTests.xctest; sourceTree = BUILT_PRODUCTS_DIR; };
		18654D6E1CC6420F0094519D /* CarousePictureTests.m */ = {isa = PBXFileReference; lastKnownFileType = sourcecode.c.objc; path = CarousePictureTests.m; sourceTree = "<group>"; };
		18654D701CC6420F0094519D /* Info.plist */ = {isa = PBXFileReference; lastKnownFileType = text.plist.xml; path = Info.plist; sourceTree = "<group>"; };
		18654D751CC6420F0094519D /* CarousePictureUITests.xctest */ = {isa = PBXFileReference; explicitFileType = wrapper.cfbundle; includeInIndex = 0; path = CarousePictureUITests.xctest; sourceTree = BUILT_PRODUCTS_DIR; };
		18654D791CC6420F0094519D /* CarousePictureUITests.m */ = {isa = PBXFileReference; lastKnownFileType = sourcecode.c.objc; path = CarousePictureUITests.m; sourceTree = "<group>"; };
		18654D7B1CC6420F0094519D /* Info.plist */ = {isa = PBXFileReference; lastKnownFileType = text.plist.xml; path = Info.plist; sourceTree = "<group>"; };
		18654D871CC6422D0094519D /* PrefixHeader.pch */ = {isa = PBXFileReference; fileEncoding = 4; lastKnownFileType = sourcecode.c.h; path = PrefixHeader.pch; sourceTree = "<group>"; };
		18654D881CC6424D0094519D /* HomePageHeaderCollectionViewCell1.h */ = {isa = PBXFileReference; fileEncoding = 4; lastKnownFileType = sourcecode.c.h; path = HomePageHeaderCollectionViewCell1.h; sourceTree = "<group>"; };
		18654D891CC6424D0094519D /* HomePageHeaderCollectionViewCell1.m */ = {isa = PBXFileReference; fileEncoding = 4; lastKnownFileType = sourcecode.c.objc; path = HomePageHeaderCollectionViewCell1.m; sourceTree = "<group>"; };
		18654D8A1CC6424D0094519D /* HomePageHeaderCollectionViewCell1.xib */ = {isa = PBXFileReference; fileEncoding = 4; lastKnownFileType = file.xib; path = HomePageHeaderCollectionViewCell1.xib; sourceTree = "<group>"; };
		18654D8D1CC6425C0094519D /* HomePageHeaderViewController.h */ = {isa = PBXFileReference; fileEncoding = 4; lastKnownFileType = sourcecode.c.h; path = HomePageHeaderViewController.h; sourceTree = "<group>"; };
		18654D8E1CC6425C0094519D /* HomePageHeaderViewController.m */ = {isa = PBXFileReference; fileEncoding = 4; lastKnownFileType = sourcecode.c.objc; path = HomePageHeaderViewController.m; sourceTree = "<group>"; };
		18654D8F1CC6425C0094519D /* HomePageHeaderViewController.xib */ = {isa = PBXFileReference; fileEncoding = 4; lastKnownFileType = file.xib; path = HomePageHeaderViewController.xib; sourceTree = "<group>"; };
		18654D931CC644FB0094519D /* 0.jpg */ = {isa = PBXFileReference; lastKnownFileType = image.jpeg; path = 0.jpg; sourceTree = "<group>"; };
		18654D941CC644FB0094519D /* 001.png */ = {isa = PBXFileReference; lastKnownFileType = image.png; path = 001.png; sourceTree = "<group>"; };
		18654D951CC644FB0094519D /* 002.png */ = {isa = PBXFileReference; lastKnownFileType = image.png; path = 002.png; sourceTree = "<group>"; };
		18654D961CC644FB0094519D /* 003.png */ = {isa = PBXFileReference; lastKnownFileType = image.png; path = 003.png; sourceTree = "<group>"; };
		18654D971CC644FB0094519D /* 004.png */ = {isa = PBXFileReference; lastKnownFileType = image.png; path = 004.png; sourceTree = "<group>"; };
		18654D981CC644FB0094519D /* 005.png */ = {isa = PBXFileReference; lastKnownFileType = image.png; path = 005.png; sourceTree = "<group>"; };
		18654D991CC644FB0094519D /* 006.png */ = {isa = PBXFileReference; lastKnownFileType = image.png; path = 006.png; sourceTree = "<group>"; };
		18654D9A1CC644FB0094519D /* 007.png */ = {isa = PBXFileReference; lastKnownFileType = image.png; path = 007.png; sourceTree = "<group>"; };
		18654D9B1CC644FB0094519D /* 008.png */ = {isa = PBXFileReference; lastKnownFileType = image.png; path = 008.png; sourceTree = "<group>"; };
		18654D9C1CC644FB0094519D /* 009.png */ = {isa = PBXFileReference; lastKnownFileType = image.png; path = 009.png; sourceTree = "<group>"; };
		18654D9D1CC644FB0094519D /* 010.png */ = {isa = PBXFileReference; lastKnownFileType = image.png; path = 010.png; sourceTree = "<group>"; };
		18654D9E1CC644FB0094519D /* 1.jpg */ = {isa = PBXFileReference; lastKnownFileType = image.jpeg; path = 1.jpg; sourceTree = "<group>"; };
		18654D9F1CC644FB0094519D /* 10.jpg */ = {isa = PBXFileReference; lastKnownFileType = image.jpeg; path = 10.jpg; sourceTree = "<group>"; };
		18654DA01CC644FB0094519D /* 11.jpg */ = {isa = PBXFileReference; lastKnownFileType = image.jpeg; path = 11.jpg; sourceTree = "<group>"; };
		18654DA11CC644FB0094519D /* 12.jpg */ = {isa = PBXFileReference; lastKnownFileType = image.jpeg; path = 12.jpg; sourceTree = "<group>"; };
		18654DA21CC644FB0094519D /* 13.jpg */ = {isa = PBXFileReference; lastKnownFileType = image.jpeg; path = 13.jpg; sourceTree = "<group>"; };
		18654DA31CC644FB0094519D /* 14.jpg */ = {isa = PBXFileReference; lastKnownFileType = image.jpeg; path = 14.jpg; sourceTree = "<group>"; };
		18654DA41CC644FB0094519D /* 15.jpg */ = {isa = PBXFileReference; lastKnownFileType = image.jpeg; path = 15.jpg; sourceTree = "<group>"; };
		18654DA51CC644FB0094519D /* 16.jpg */ = {isa = PBXFileReference; lastKnownFileType = image.jpeg; path = 16.jpg; sourceTree = "<group>"; };
		18654DA61CC644FB0094519D /* 17.jpg */ = {isa = PBXFileReference; lastKnownFileType = image.jpeg; path = 17.jpg; sourceTree = "<group>"; };
		18654DA71CC644FB0094519D /* 18.jpg */ = {isa = PBXFileReference; lastKnownFileType = image.jpeg; path = 18.jpg; sourceTree = "<group>"; };
		18654DA81CC644FB0094519D /* 19.jpg */ = {isa = PBXFileReference; lastKnownFileType = image.jpeg; path = 19.jpg; sourceTree = "<group>"; };
		18654DA91CC644FB0094519D /* 2.jpg */ = {isa = PBXFileReference; lastKnownFileType = image.jpeg; path = 2.jpg; sourceTree = "<group>"; };
		18654DAA1CC644FB0094519D /* 20.jpg */ = {isa = PBXFileReference; lastKnownFileType = image.jpeg; path = 20.jpg; sourceTree = "<group>"; };
		18654DAB1CC644FB0094519D /* 21.jpg */ = {isa = PBXFileReference; lastKnownFileType = image.jpeg; path = 21.jpg; sourceTree = "<group>"; };
		18654DAC1CC644FB0094519D /* 22.jpg */ = {isa = PBXFileReference; lastKnownFileType = image.jpeg; path = 22.jpg; sourceTree = "<group>"; };
		18654DAD1CC644FB0094519D /* 23.jpg */ = {isa = PBXFileReference; lastKnownFileType = image.jpeg; path = 23.jpg; sourceTree = "<group>"; };
		18654DAE1CC644FB0094519D /* 24.jpg */ = {isa = PBXFileReference; lastKnownFileType = image.jpeg; path = 24.jpg; sourceTree = "<group>"; };
		18654DAF1CC644FB0094519D /* 25.jpg */ = {isa = PBXFileReference; lastKnownFileType = image.jpeg; path = 25.jpg; sourceTree = "<group>"; };
		18654DB01CC644FB0094519D /* 26.jpg */ = {isa = PBXFileReference; lastKnownFileType = image.jpeg; path = 26.jpg; sourceTree = "<group>"; };
		18654DB11CC644FB0094519D /* 27.jpg */ = {isa = PBXFileReference; lastKnownFileType = image.jpeg; path = 27.jpg; sourceTree = "<group>"; };
		18654DB21CC644FB0094519D /* 28.jpg */ = {isa = PBXFileReference; lastKnownFileType = image.jpeg; path = 28.jpg; sourceTree = "<group>"; };
		18654DB31CC644FB0094519D /* 29.jpg */ = {isa = PBXFileReference; lastKnownFileType = image.jpeg; path = 29.jpg; sourceTree = "<group>"; };
		18654DB41CC644FB0094519D /* 3.jpg */ = {isa = PBXFileReference; lastKnownFileType = image.jpeg; path = 3.jpg; sourceTree = "<group>"; };
		18654DB51CC644FB0094519D /* 4.jpg */ = {isa = PBXFileReference; lastKnownFileType = image.jpeg; path = 4.jpg; sourceTree = "<group>"; };
		18654DB61CC644FB0094519D /* 5.jpg */ = {isa = PBXFileReference; lastKnownFileType = image.jpeg; path = 5.jpg; sourceTree = "<group>"; };
		18654DB71CC644FB0094519D /* 6.jpg */ = {isa = PBXFileReference; lastKnownFileType = image.jpeg; path = 6.jpg; sourceTree = "<group>"; };
		18654DB81CC644FB0094519D /* 7.jpg */ = {isa = PBXFileReference; lastKnownFileType = image.jpeg; path = 7.jpg; sourceTree = "<group>"; };
		18654DB91CC644FB0094519D /* 8.jpg */ = {isa = PBXFileReference; lastKnownFileType = image.jpeg; path = 8.jpg; sourceTree = "<group>"; };
		18654DBA1CC644FB0094519D /* 9.jpg */ = {isa = PBXFileReference; lastKnownFileType = image.jpeg; path = 9.jpg; sourceTree = "<group>"; };
/* End PBXFileReference section */

/* Begin PBXFrameworksBuildPhase section */
		18654D4E1CC6420F0094519D /* Frameworks */ = {
			isa = PBXFrameworksBuildPhase;
			buildActionMask = 2147483647;
			files = (
			);
			runOnlyForDeploymentPostprocessing = 0;
		};
		18654D671CC6420F0094519D /* Frameworks */ = {
			isa = PBXFrameworksBuildPhase;
			buildActionMask = 2147483647;
			files = (
			);
			runOnlyForDeploymentPostprocessing = 0;
		};
		18654D721CC6420F0094519D /* Frameworks */ = {
			isa = PBXFrameworksBuildPhase;
			buildActionMask = 2147483647;
			files = (
			);
			runOnlyForDeploymentPostprocessing = 0;
		};
/* End PBXFrameworksBuildPhase section */

/* Begin PBXGroup section */
		18654D481CC6420F0094519D = {
			isa = PBXGroup;
			children = (
				18654D921CC644FB0094519D /* 资料图片 */,
				18654D881CC6424D0094519D /* HomePageHeaderCollectionViewCell1.h */,
				18654D891CC6424D0094519D /* HomePageHeaderCollectionViewCell1.m */,
				18654D8A1CC6424D0094519D /* HomePageHeaderCollectionViewCell1.xib */,
				18654D8D1CC6425C0094519D /* HomePageHeaderViewController.h */,
				18654D8E1CC6425C0094519D /* HomePageHeaderViewController.m */,
				18654D8F1CC6425C0094519D /* HomePageHeaderViewController.xib */,
				18654D531CC6420F0094519D /* CarousePicture */,
				18654D6D1CC6420F0094519D /* CarousePictureTests */,
				18654D781CC6420F0094519D /* CarousePictureUITests */,
				18654D521CC6420F0094519D /* Products */,
			);
			sourceTree = "<group>";
		};
		18654D521CC6420F0094519D /* Products */ = {
			isa = PBXGroup;
			children = (
				18654D511CC6420F0094519D /* CarousePicture.app */,
				18654D6A1CC6420F0094519D /* CarousePictureTests.xctest */,
				18654D751CC6420F0094519D /* CarousePictureUITests.xctest */,
			);
			name = Products;
			sourceTree = "<group>";
		};
		18654D531CC6420F0094519D /* CarousePicture */ = {
			isa = PBXGroup;
			children = (
				18654D571CC6420F0094519D /* AppDelegate.h */,
				18654D581CC6420F0094519D /* AppDelegate.m */,
				18654D5A1CC6420F0094519D /* ViewController.h */,
				18654D5B1CC6420F0094519D /* ViewController.m */,
				18654D5D1CC6420F0094519D /* Main.storyboard */,
				18654D601CC6420F0094519D /* Assets.xcassets */,
				18654D621CC6420F0094519D /* LaunchScreen.storyboard */,
				18654D651CC6420F0094519D /* Info.plist */,
				18654D871CC6422D0094519D /* PrefixHeader.pch */,
				18654D541CC6420F0094519D /* Supporting Files */,
			);
			path = CarousePicture;
			sourceTree = "<group>";
		};
		18654D541CC6420F0094519D /* Supporting Files */ = {
			isa = PBXGroup;
			children = (
				18654D551CC6420F0094519D /* main.m */,
			);
			name = "Supporting Files";
			sourceTree = "<group>";
		};
		18654D6D1CC6420F0094519D /* CarousePictureTests */ = {
			isa = PBXGroup;
			children = (
				18654D6E1CC6420F0094519D /* CarousePictureTests.m */,
				18654D701CC6420F0094519D /* Info.plist */,
			);
			path = CarousePictureTests;
			sourceTree = "<group>";
		};
		18654D781CC6420F0094519D /* CarousePictureUITests */ = {
			isa = PBXGroup;
			children = (
				18654D791CC6420F0094519D /* CarousePictureUITests.m */,
				18654D7B1CC6420F0094519D /* Info.plist */,
			);
			path = CarousePictureUITests;
			sourceTree = "<group>";
		};
		18654D921CC644FB0094519D /* 资料图片 */ = {
			isa = PBXGroup;
			children = (
				18654D931CC644FB0094519D /* 0.jpg */,
				18654D941CC644FB0094519D /* 001.png */,
				18654D951CC644FB0094519D /* 002.png */,
				18654D961CC644FB0094519D /* 003.png */,
				18654D971CC644FB0094519D /* 004.png */,
				18654D981CC644FB0094519D /* 005.png */,
				18654D991CC644FB0094519D /* 006.png */,
				18654D9A1CC644FB0094519D /* 007.png */,
				18654D9B1CC644FB0094519D /* 008.png */,
				18654D9C1CC644FB0094519D /* 009.png */,
				18654D9D1CC644FB0094519D /* 010.png */,
				18654D9E1CC644FB0094519D /* 1.jpg */,
				18654D9F1CC644FB0094519D /* 10.jpg */,
				18654DA01CC644FB0094519D /* 11.jpg */,
				18654DA11CC644FB0094519D /* 12.jpg */,
				18654DA21CC644FB0094519D /* 13.jpg */,
				18654DA31CC644FB0094519D /* 14.jpg */,
				18654DA41CC644FB0094519D /* 15.jpg */,
				18654DA51CC644FB0094519D /* 16.jpg */,
				18654DA61CC644FB0094519D /* 17.jpg */,
				18654DA71CC644FB0094519D /* 18.jpg */,
				18654DA81CC644FB0094519D /* 19.jpg */,
				18654DA91CC644FB0094519D /* 2.jpg */,
				18654DAA1CC644FB0094519D /* 20.jpg */,
				18654DAB1CC644FB0094519D /* 21.jpg */,
				18654DAC1CC644FB0094519D /* 22.jpg */,
				18654DAD1CC644FB0094519D /* 23.jpg */,
				18654DAE1CC644FB0094519D /* 24.jpg */,
				18654DAF1CC644FB0094519D /* 25.jpg */,
				18654DB01CC644FB0094519D /* 26.jpg */,
				18654DB11CC644FB0094519D /* 27.jpg */,
				18654DB21CC644FB0094519D /* 28.jpg */,
				18654DB31CC644FB0094519D /* 29.jpg */,
				18654DB41CC644FB0094519D /* 3.jpg */,
				18654DB51CC644FB0094519D /* 4.jpg */,
				18654DB61CC644FB0094519D /* 5.jpg */,
				18654DB71CC644FB0094519D /* 6.jpg */,
				18654DB81CC644FB0094519D /* 7.jpg */,
				18654DB91CC644FB0094519D /* 8.jpg */,
				18654DBA1CC644FB0094519D /* 9.jpg */,
			);
			path = "资料图片";
			sourceTree = "<group>";
		};
/* End PBXGroup section */

/* Begin PBXNativeTarget section */
		18654D501CC6420F0094519D /* CarousePicture */ = {
			isa = PBXNativeTarget;
			buildConfigurationList = 18654D7E1CC6420F0094519D /* Build configuration list for PBXNativeTarget "CarousePicture" */;
			buildPhases = (
				18654D4D1CC6420F0094519D /* Sources */,
				18654D4E1CC6420F0094519D /* Frameworks */,
				18654D4F1CC6420F0094519D /* Resources */,
			);
			buildRules = (
			);
			dependencies = (
			);
			name = CarousePicture;
			productName = CarousePicture;
			productReference = 18654D511CC6420F0094519D /* CarousePicture.app */;
			productType = "com.apple.product-type.application";
		};
		18654D691CC6420F0094519D /* CarousePictureTests */ = {
			isa = PBXNativeTarget;
			buildConfigurationList = 18654D811CC6420F0094519D /* Build configuration list for PBXNativeTarget "CarousePictureTests" */;
			buildPhases = (
				18654D661CC6420F0094519D /* Sources */,
				18654D671CC6420F0094519D /* Frameworks */,
				18654D681CC6420F0094519D /* Resources */,
			);
			buildRules = (
			);
			dependencies = (
				18654D6C1CC6420F0094519D /* PBXTargetDependency */,
			);
			name = CarousePictureTests;
			productName = CarousePictureTests;
			productReference = 18654D6A1CC6420F0094519D /* CarousePictureTests.xctest */;
			productType = "com.apple.product-type.bundle.unit-test";
		};
		18654D741CC6420F0094519D /* CarousePictureUITests */ = {
			isa = PBXNativeTarget;
			buildConfigurationList = 18654D841CC6420F0094519D /* Build configuration list for PBXNativeTarget "CarousePictureUITests" */;
			buildPhases = (
				18654D711CC6420F0094519D /* Sources */,
				18654D721CC6420F0094519D /* Frameworks */,
				18654D731CC6420F0094519D /* Resources */,
			);
			buildRules = (
			);
			dependencies = (
				18654D771CC6420F0094519D /* PBXTargetDependency */,
			);
			name = CarousePictureUITests;
			productName = CarousePictureUITests;
			productReference = 18654D751CC6420F0094519D /* CarousePictureUITests.xctest */;
			productType = "com.apple.product-type.bundle.ui-testing";
		};
/* End PBXNativeTarget section */

/* Begin PBXProject section */
		18654D491CC6420F0094519D /* Project object */ = {
			isa = PBXProject;
			attributes = {
				LastUpgradeCheck = 0730;
				ORGANIZATIONNAME = apple;
				TargetAttributes = {
					18654D501CC6420F0094519D = {
						CreatedOnToolsVersion = 7.3;
					};
					18654D691CC6420F0094519D = {
						CreatedOnToolsVersion = 7.3;
						TestTargetID = 18654D501CC6420F0094519D;
					};
					18654D741CC6420F0094519D = {
						CreatedOnToolsVersion = 7.3;
						TestTargetID = 18654D501CC6420F0094519D;
					};
				};
			};
			buildConfigurationList = 18654D4C1CC6420F0094519D /* Build configuration list for PBXProject "CarousePicture" */;
			compatibilityVersion = "Xcode 3.2";
			developmentRegion = English;
			hasScannedForEncodings = 0;
			knownRegions = (
				en,
				Base,
			);
			mainGroup = 18654D481CC6420F0094519D;
			productRefGroup = 18654D521CC6420F0094519D /* Products */;
			projectDirPath = "";
			projectRoot = "";
			targets = (
				18654D501CC6420F0094519D /* CarousePicture */,
				18654D691CC6420F0094519D /* CarousePictureTests */,
				18654D741CC6420F0094519D /* CarousePictureUITests */,
			);
		};
/* End PBXProject section */

/* Begin PBXResourcesBuildPhase section */
		18654D4F1CC6420F0094519D /* Resources */ = {
			isa = PBXResourcesBuildPhase;
			buildActionMask = 2147483647;
			files = (
				18654DE11CC644FC0094519D /* 8.jpg in Resources */,
				18654DDF1CC644FC0094519D /* 6.jpg in Resources */,
				18654DD71CC644FB0094519D /* 25.jpg in Resources */,
				18654DCF1CC644FB0094519D /* 18.jpg in Resources */,
				18654DD61CC644FB0094519D /* 24.jpg in Resources */,
				18654DC91CC644FB0094519D /* 12.jpg in Resources */,
				18654DD11CC644FB0094519D /* 2.jpg in Resources */,
				18654DDE1CC644FC0094519D /* 5.jpg in Resources */,
				18654DC11CC644FB0094519D /* 006.png in Resources */,
				18654DCB1CC644FB0094519D /* 14.jpg in Resources */,
				18654DD01CC644FB0094519D /* 19.jpg in Resources */,
				18654DDD1CC644FC0094519D /* 4.jpg in Resources */,
				18654DC21CC644FB0094519D /* 007.png in Resources */,
				18654DCD1CC644FB0094519D /* 16.jpg in Resources */,
				18654DD91CC644FC0094519D /* 27.jpg in Resources */,
				18654DD81CC644FC0094519D /* 26.jpg in Resources */,
				18654DCE1CC644FB0094519D /* 17.jpg in Resources */,
				18654DD21CC644FB0094519D /* 20.jpg in Resources */,
				18654DE21CC644FC0094519D /* 9.jpg in Resources */,
				18654DD31CC644FB0094519D /* 21.jpg in Resources */,
				18654DBB1CC644FB0094519D /* 0.jpg in Resources */,
				18654D641CC6420F0094519D /* LaunchScreen.storyboard in Resources */,
				18654DC81CC644FB0094519D /* 11.jpg in Resources */,
				18654DC71CC644FB0094519D /* 10.jpg in Resources */,
				18654DDA1CC644FC0094519D /* 28.jpg in Resources */,
				18654DC61CC644FB0094519D /* 1.jpg in Resources */,
				18654D8C1CC6424D0094519D /* HomePageHeaderCollectionViewCell1.xib in Resources */,
				18654DBC1CC644FB0094519D /* 001.png in Resources */,
				18654DC41CC644FB0094519D /* 009.png in Resources */,
				18654DBD1CC644FB0094519D /* 002.png in Resources */,
				18654DCC1CC644FB0094519D /* 15.jpg in Resources */,
				18654D611CC6420F0094519D /* Assets.xcassets in Resources */,
				18654DCA1CC644FB0094519D /* 13.jpg in Resources */,
				18654DBF1CC644FB0094519D /* 004.png in Resources */,
				18654DC01CC644FB0094519D /* 005.png in Resources */,
				18654DDC1CC644FC0094519D /* 3.jpg in Resources */,
				18654DC51CC644FB0094519D /* 010.png in Resources */,
				18654DD51CC644FB0094519D /* 23.jpg in Resources */,
				18654DDB1CC644FC0094519D /* 29.jpg in Resources */,
				18654DC31CC644FB0094519D /* 008.png in Resources */,
				18654DBE1CC644FB0094519D /* 003.png in Resources */,
				18654DE01CC644FC0094519D /* 7.jpg in Resources */,
				18654DD41CC644FB0094519D /* 22.jpg in Resources */,
				18654D5F1CC6420F0094519D /* Main.storyboard in Resources */,
				18654D911CC6425C0094519D /* HomePageHeaderViewController.xib in Resources */,
			);
			runOnlyForDeploymentPostprocessing = 0;
		};
		18654D681CC6420F0094519D /* Resources */ = {
			isa = PBXResourcesBuildPhase;
			buildActionMask = 2147483647;
			files = (
			);
			runOnlyForDeploymentPostprocessing = 0;
		};
		18654D731CC6420F0094519D /* Resources */ = {
			isa = PBXResourcesBuildPhase;
			buildActionMask = 2147483647;
			files = (
			);
			runOnlyForDeploymentPostprocessing = 0;
		};
/* End PBXResourcesBuildPhase section */

/* Begin PBXSourcesBuildPhase section */
		18654D4D1CC6420F0094519D /* Sources */ = {
			isa = PBXSourcesBuildPhase;
			buildActionMask = 2147483647;
			files = (
				18654D5C1CC6420F0094519D /* ViewController.m in Sources */,
				18654D8B1CC6424D0094519D /* HomePageHeaderCollectionViewCell1.m in Sources */,
				18654D901CC6425C0094519D /* HomePageHeaderViewController.m in Sources */,
				18654D591CC6420F0094519D /* AppDelegate.m in Sources */,
				18654D561CC6420F0094519D /* main.m in Sources */,
			);
			runOnlyForDeploymentPostprocessing = 0;
		};
		18654D661CC6420F0094519D /* Sources */ = {
			isa = PBXSourcesBuildPhase;
			buildActionMask = 2147483647;
			files = (
				18654D6F1CC6420F0094519D /* CarousePictureTests.m in Sources */,
			);
			runOnlyForDeploymentPostprocessing = 0;
		};
		18654D711CC6420F0094519D /* Sources */ = {
			isa = PBXSourcesBuildPhase;
			buildActionMask = 2147483647;
			files = (
				18654D7A1CC6420F0094519D /* CarousePictureUITests.m in Sources */,
			);
			runOnlyForDeploymentPostprocessing = 0;
		};
/* End PBXSourcesBuildPhase section */

/* Begin PBXTargetDependency section */
		18654D6C1CC6420F0094519D /* PBXTargetDependency */ = {
			isa = PBXTargetDependency;
			target = 18654D501CC6420F0094519D /* CarousePicture */;
			targetProxy = 18654D6B1CC6420F0094519D /* PBXContainerItemProxy */;
		};
		18654D771CC6420F0094519D /* PBXTargetDependency */ = {
			isa = PBXTargetDependency;
			target = 18654D501CC6420F0094519D /* CarousePicture */;
			targetProxy = 18654D761CC6420F0094519D /* PBXContainerItemProxy */;
		};
/* End PBXTargetDependency section */

/* Begin PBXVariantGroup section */
		18654D5D1CC6420F0094519D /* Main.storyboard */ = {
			isa = PBXVariantGroup;
			children = (
				18654D5E1CC6420F0094519D /* Base */,
			);
			name = Main.storyboard;
			sourceTree = "<group>";
		};
		18654D621CC6420F0094519D /* LaunchScreen.storyboard */ = {
			isa = PBXVariantGroup;
			children = (
				18654D631CC6420F0094519D /* Base */,
			);
			name = LaunchScreen.storyboard;
			sourceTree = "<group>";
		};
/* End PBXVariantGroup section */

/* Begin XCBuildConfiguration section */
		18654D7C1CC6420F0094519D /* Debug */ = {
			isa = XCBuildConfiguration;
			buildSettings = {
				ALWAYS_SEARCH_USER_PATHS = NO;
				CLANG_ANALYZER_NONNULL = YES;
				CLANG_CXX_LANGUAGE_STANDARD = "gnu++0x";
				CLANG_CXX_LIBRARY = "libc++";
				CLANG_ENABLE_MODULES = YES;
				CLANG_ENABLE_OBJC_ARC = YES;
				CLANG_WARN_BOOL_CONVERSION = YES;
				CLANG_WARN_CONSTANT_CONVERSION = YES;
				CLANG_WARN_DIRECT_OBJC_ISA_USAGE = YES_ERROR;
				CLANG_WARN_EMPTY_BODY = YES;
				CLANG_WARN_ENUM_CONVERSION = YES;
				CLANG_WARN_INT_CONVERSION = YES;
				CLANG_WARN_OBJC_ROOT_CLASS = YES_ERROR;
				CLANG_WARN_UNREACHABLE_CODE = YES;
				CLANG_WARN__DUPLICATE_METHOD_MATCH = YES;
				"CODE_SIGN_IDENTITY[sdk=iphoneos*]" = "iPhone Developer";
				COPY_PHASE_STRIP = NO;
				DEBUG_INFORMATION_FORMAT = dwarf;
				ENABLE_STRICT_OBJC_MSGSEND = YES;
				ENABLE_TESTABILITY = YES;
				GCC_C_LANGUAGE_STANDARD = gnu99;
				GCC_DYNAMIC_NO_PIC = NO;
				GCC_NO_COMMON_BLOCKS = YES;
				GCC_OPTIMIZATION_LEVEL = 0;
				GCC_PREPROCESSOR_DEFINITIONS = (
					"DEBUG=1",
					"$(inherited)",
				);
				GCC_WARN_64_TO_32_BIT_CONVERSION = YES;
				GCC_WARN_ABOUT_RETURN_TYPE = YES_ERROR;
				GCC_WARN_UNDECLARED_SELECTOR = YES;
				GCC_WARN_UNINITIALIZED_AUTOS = YES_AGGRESSIVE;
				GCC_WARN_UNUSED_FUNCTION = YES;
				GCC_WARN_UNUSED_VARIABLE = YES;
				IPHONEOS_DEPLOYMENT_TARGET = 9.3;
				MTL_ENABLE_DEBUG_INFO = YES;
				ONLY_ACTIVE_ARCH = YES;
				SDKROOT = iphoneos;
			};
			name = Debug;
		};
		18654D7D1CC6420F0094519D /* Release */ = {
			isa = XCBuildConfiguration;
			buildSettings = {
				ALWAYS_SEARCH_USER_PATHS = NO;
				CLANG_ANALYZER_NONNULL = YES;
				CLANG_CXX_LANGUAGE_STANDARD = "gnu++0x";
				CLANG_CXX_LIBRARY = "libc++";
				CLANG_ENABLE_MODULES = YES;
				CLANG_ENABLE_OBJC_ARC = YES;
				CLANG_WARN_BOOL_CONVERSION = YES;
				CLANG_WARN_CONSTANT_CONVERSION = YES;
				CLANG_WARN_DIRECT_OBJC_ISA_USAGE = YES_ERROR;
				CLANG_WARN_EMPTY_BODY = YES;
				CLANG_WARN_ENUM_CONVERSION = YES;
				CLANG_WARN_INT_CONVERSION = YES;
				CLANG_WARN_OBJC_ROOT_CLASS = YES_ERROR;
				CLANG_WARN_UNREACHABLE_CODE = YES;
				CLANG_WARN__DUPLICATE_METHOD_MATCH = YES;
				"CODE_SIGN_IDENTITY[sdk=iphoneos*]" = "iPhone Developer";
				COPY_PHASE_STRIP = NO;
				DEBUG_INFORMATION_FORMAT = "dwarf-with-dsym";
				ENABLE_NS_ASSERTIONS = NO;
				ENABLE_STRICT_OBJC_MSGSEND = YES;
				GCC_C_LANGUAGE_STANDARD = gnu99;
				GCC_NO_COMMON_BLOCKS = YES;
				GCC_WARN_64_TO_32_BIT_CONVERSION = YES;
				GCC_WARN_ABOUT_RETURN_TYPE = YES_ERROR;
				GCC_WARN_UNDECLARED_SELECTOR = YES;
				GCC_WARN_UNINITIALIZED_AUTOS = YES_AGGRESSIVE;
				GCC_WARN_UNUSED_FUNCTION = YES;
				GCC_WARN_UNUSED_VARIABLE = YES;
				IPHONEOS_DEPLOYMENT_TARGET = 9.3;
				MTL_ENABLE_DEBUG_INFO = NO;
				SDKROOT = iphoneos;
				VALIDATE_PRODUCT = YES;
			};
			name = Release;
		};
		18654D7F1CC6420F0094519D /* Debug */ = {
			isa = XCBuildConfiguration;
			buildSettings = {
				ASSETCATALOG_COMPILER_APPICON_NAME = AppIcon;
				GCC_PREFIX_HEADER = "$(SRCROOT)/CarousePicture/PrefixHeader.pch";
				INFOPLIST_FILE = CarousePicture/Info.plist;
				LD_RUNPATH_SEARCH_PATHS = "$(inherited) @executable_path/Frameworks";
				PRODUCT_BUNDLE_IDENTIFIER = com.zhongke.zom.CarousePicture;
				PRODUCT_NAME = "$(TARGET_NAME)";
			};
			name = Debug;
		};
		18654D801CC6420F0094519D /* Release */ = {
			isa = XCBuildConfiguration;
			buildSettings = {
				ASSETCATALOG_COMPILER_APPICON_NAME = AppIcon;
				GCC_PREFIX_HEADER = "$(SRCROOT)/CarousePicture/PrefixHeader.pch";
				INFOPLIST_FILE = CarousePicture/Info.plist;
				LD_RUNPATH_SEARCH_PATHS = "$(inherited) @executable_path/Frameworks";
				PRODUCT_BUNDLE_IDENTIFIER = com.zhongke.zom.CarousePicture;
				PRODUCT_NAME = "$(TARGET_NAME)";
			};
			name = Release;
		};
		18654D821CC6420F0094519D /* Debug */ = {
			isa = XCBuildConfiguration;
			buildSettings = {
				BUNDLE_LOADER = "$(TEST_HOST)";
				INFOPLIST_FILE = CarousePictureTests/Info.plist;
				LD_RUNPATH_SEARCH_PATHS = "$(inherited) @executable_path/Frameworks @loader_path/Frameworks";
				PRODUCT_BUNDLE_IDENTIFIER = com.zhongke.zom.CarousePictureTests;
				PRODUCT_NAME = "$(TARGET_NAME)";
				TEST_HOST = "$(BUILT_PRODUCTS_DIR)/CarousePicture.app/CarousePicture";
			};
			name = Debug;
		};
		18654D831CC6420F0094519D /* Release */ = {
			isa = XCBuildConfiguration;
			buildSettings = {
				BUNDLE_LOADER = "$(TEST_HOST)";
				INFOPLIST_FILE = CarousePictureTests/Info.plist;
				LD_RUNPATH_SEARCH_PATHS = "$(inherited) @executable_path/Frameworks @loader_path/Frameworks";
				PRODUCT_BUNDLE_IDENTIFIER = com.zhongke.zom.CarousePictureTests;
				PRODUCT_NAME = "$(TARGET_NAME)";
				TEST_HOST = "$(BUILT_PRODUCTS_DIR)/CarousePicture.app/CarousePicture";
			};
			name = Release;
		};
		18654D851CC6420F0094519D /* Debug */ = {
			isa = XCBuildConfiguration;
			buildSettings = {
				INFOPLIST_FILE = CarousePictureUITests/Info.plist;
				LD_RUNPATH_SEARCH_PATHS = "$(inherited) @executable_path/Frameworks @loader_path/Frameworks";
				PRODUCT_BUNDLE_IDENTIFIER = com.zhongke.zom.CarousePictureUITests;
				PRODUCT_NAME = "$(TARGET_NAME)";
				TEST_TARGET_NAME = CarousePicture;
			};
			name = Debug;
		};
		18654D861CC6420F0094519D /* Release */ = {
			isa = XCBuildConfiguration;
			buildSettings = {
				INFOPLIST_FILE = CarousePictureUITests/Info.plist;
				LD_RUNPATH_SEARCH_PATHS = "$(inherited) @executable_path/Frameworks @loader_path/Frameworks";
				PRODUCT_BUNDLE_IDENTIFIER = com.zhongke.zom.CarousePictureUITests;
				PRODUCT_NAME = "$(TARGET_NAME)";
				TEST_TARGET_NAME = CarousePicture;
			};
			name = Release;
		};
/* End XCBuildConfiguration section */

/* Begin XCConfigurationList section */
		18654D4C1CC6420F0094519D /* Build configuration list for PBXProject "CarousePicture" */ = {
			isa = XCConfigurationList;
			buildConfigurations = (
				18654D7C1CC6420F0094519D /* Debug */,
				18654D7D1CC6420F0094519D /* Release */,
			);
			defaultConfigurationIsVisible = 0;
			defaultConfigurationName = Release;
		};
		18654D7E1CC6420F0094519D /* Build configuration list for PBXNativeTarget "CarousePicture" */ = {
			isa = XCConfigurationList;
			buildConfigurations = (
				18654D7F1CC6420F0094519D /* Debug */,
				18654D801CC6420F0094519D /* Release */,
			);
			defaultConfigurationIsVisible = 0;
		};
		18654D811CC6420F0094519D /* Build configuration list for PBXNativeTarget "CarousePictureTests" */ = {
			isa = XCConfigurationList;
			buildConfigurations = (
				18654D821CC6420F0094519D /* Debug */,
				18654D831CC6420F0094519D /* Release */,
			);
			defaultConfigurationIsVisible = 0;
		};
		18654D841CC6420F0094519D /* Build configuration list for PBXNativeTarget "CarousePictureUITests" */ = {
			isa = XCConfigurationList;
			buildConfigurations = (
				18654D851CC6420F0094519D /* Debug */,
				18654D861CC6420F0094519D /* Release */,
			);
			defaultConfigurationIsVisible = 0;
		};
/* End XCConfigurationList section */
	};
	rootObject = 18654D491CC6420F0094519D /* Project object */;
}
